
Microsoft Visual Studio Solution File, Format Version 11.00
# Visual Studio 2010
Project("{FAE04EC0-301F-11D3-BF4B-00C04F79EFBC}") = "Assembly-CSharp", "Assembly-CSharp.csproj", "{C62C4C17-74B3-3B51-1A56-A675247E16F1}"
EndProject
Project("{FAE04EC0-301F-11D3-BF4B-00C04F79EFBC}") = "Assembly-CSharp-Editor", "Assembly-CSharp-Editor.csproj", "{59337549-0073-A253-E0C8-F2DD6DF901BC}"
EndProject
Global
	GlobalSection(SolutionConfigurationPlatforms) = preSolution
		Debug|Any CPU = Debug|Any CPU
		Release|Any CPU = Release|Any CPU
	EndGlobalSection
	GlobalSection(ProjectConfigurationPlatforms) = postSolution
		{C62C4C17-74B3-3B51-1A56-A675247E16F1}.Debug|Any CPU.ActiveCfg = Debug|Any CPU
		{C62C4C17-74B3-3B51-1A56-A675247E16F1}.Debug|Any CPU.Build.0 = Debug|Any CPU
		{C62C4C17-74B3-3B51-1A56-A675247E16F1}.Release|Any CPU.ActiveCfg = Release|Any CPU
		{C62C4C17-74B3-3B51-1A56-A675247E16F1}.Release|Any CPU.Build.0 = Release|Any CPU
		{59337549-0073-A253-E0C8-F2DD6DF901BC}.Debug|Any CPU.ActiveCfg = Debug|Any CPU
		{59337549-0073-A253-E0C8-F2DD6DF901BC}.Debug|Any CPU.Build.0 = Debug|Any CPU
		{59337549-0073-A253-E0C8-F2DD6DF901BC}.Release|Any CPU.ActiveCfg = Release|Any CPU
		{59337549-0073-A253-E0C8-F2DD6DF901BC}.Release|Any CPU.Build.0 = Release|Any CPU
	EndGlobalSection
	GlobalSection(SolutionProperties) = preSolution
		HideSolutionNode = FALSE
	EndGlobalSection
	GlobalSection(MonoDevelopProperties) = preSolution
		StartupItem = Assembly-CSharp.csproj
	EndGlobalSection
EndGlobal
